
Microsoft Visual Studio Solution File, Format Version 12.00
# Visual Studio 15
VisualStudioVersion = 15.0.26124.0
MinimumVisualStudioVersion = 15.0.26124.0
Project("{FAE04EC0-301F-11D3-BF4B-00C04F79EFBC}") = "API", "API\API.csproj", "{B42FDD2F-415F-459A-B9B1-4250A05F56D9}"
EndProject
Project("{FAE04EC0-301F-11D3-BF4B-00C04F79EFBC}") = "Domain", "Domain\Domain.csproj", "{2DB0D5F3-7689-47ED-8F96-5C6E5D62CB4E}"
EndProject
Project("{FAE04EC0-301F-11D3-BF4B-00C04F79EFBC}") = "Storage", "Storage\Storage.csproj", "{9D9A8A6C-3F86-407A-AA38-56D06114D57D}"
EndProject
Project("{FAE04EC0-301F-11D3-BF4B-00C04F79EFBC}") = "Testing", "Testing\Testing.csproj", "{DA087436-D55C-43C4-A378-AF8FEB62ECA0}"
EndProject
Global
	GlobalSection(SolutionConfigurationPlatforms) = preSolution
		Debug|Any CPU = Debug|Any CPU
		Debug|x64 = Debug|x64
		Debug|x86 = Debug|x86
		Release|Any CPU = Release|Any CPU
		Release|x64 = Release|x64
		Release|x86 = Release|x86
	EndGlobalSection
	GlobalSection(SolutionProperties) = preSolution
		HideSolutionNode = FALSE
	EndGlobalSection
	GlobalSection(ProjectConfigurationPlatforms) = postSolution
		{B42FDD2F-415F-459A-B9B1-4250A05F56D9}.Debug|Any CPU.ActiveCfg = Debug|Any CPU
		{B42FDD2F-415F-459A-B9B1-4250A05F56D9}.Debug|Any CPU.Build.0 = Debug|Any CPU
		{B42FDD2F-415F-459A-B9B1-4250A05F56D9}.Debug|x64.ActiveCfg = Debug|Any CPU
		{B42FDD2F-415F-459A-B9B1-4250A05F56D9}.Debug|x64.Build.0 = Debug|Any CPU
		{B42FDD2F-415F-459A-B9B1-4250A05F56D9}.Debug|x86.ActiveCfg = Debug|Any CPU
		{B42FDD2F-415F-459A-B9B1-4250A05F56D9}.Debug|x86.Build.0 = Debug|Any CPU
		{B42FDD2F-415F-459A-B9B1-4250A05F56D9}.Release|Any CPU.ActiveCfg = Release|Any CPU
		{B42FDD2F-415F-459A-B9B1-4250A05F56D9}.Release|Any CPU.Build.0 = Release|Any CPU
		{B42FDD2F-415F-459A-B9B1-4250A05F56D9}.Release|x64.ActiveCfg = Release|Any CPU
		{B42FDD2F-415F-459A-B9B1-4250A05F56D9}.Release|x64.Build.0 = Release|Any CPU
		{B42FDD2F-415F-459A-B9B1-4250A05F56D9}.Release|x86.ActiveCfg = Release|Any CPU
		{B42FDD2F-415F-459A-B9B1-4250A05F56D9}.Release|x86.Build.0 = Release|Any CPU
		{2DB0D5F3-7689-47ED-8F96-5C6E5D62CB4E}.Debug|Any CPU.ActiveCfg = Debug|Any CPU
		{2DB0D5F3-7689-47ED-8F96-5C6E5D62CB4E}.Debug|Any CPU.Build.0 = Debug|Any CPU
		{2DB0D5F3-7689-47ED-8F96-5C6E5D62CB4E}.Debug|x64.ActiveCfg = Debug|Any CPU
		{2DB0D5F3-7689-47ED-8F96-5C6E5D62CB4E}.Debug|x64.Build.0 = Debug|Any CPU
		{2DB0D5F3-7689-47ED-8F96-5C6E5D62CB4E}.Debug|x86.ActiveCfg = Debug|Any CPU
		{2DB0D5F3-7689-47ED-8F96-5C6E5D62CB4E}.Debug|x86.Build.0 = Debug|Any CPU
		{2DB0D5F3-7689-47ED-8F96-5C6E5D62CB4E}.Release|Any CPU.ActiveCfg = Release|Any CPU
		{2DB0D5F3-7689-47ED-8F96-5C6E5D62CB4E}.Release|Any CPU.Build.0 = Release|Any CPU
		{2DB0D5F3-7689-47ED-8F96-5C6E5D62CB4E}.Release|x64.ActiveCfg = Release|Any CPU
		{2DB0D5F3-7689-47ED-8F96-5C6E5D62CB4E}.Release|x64.Build.0 = Release|Any CPU
		{2DB0D5F3-7689-47ED-8F96-5C6E5D62CB4E}.Release|x86.ActiveCfg = Release|Any CPU
		{2DB0D5F3-7689-47ED-8F96-5C6E5D62CB4E}.Release|x86.Build.0 = Release|Any CPU
		{9D9A8A6C-3F86-407A-AA38-56D06114D57D}.Debug|Any CPU.ActiveCfg = Debug|Any CPU
		{9D9A8A6C-3F86-407A-AA38-56D06114D57D}.Debug|Any CPU.Build.0 = Debug|Any CPU
		{9D9A8A6C-3F86-407A-AA38-56D06114D57D}.Debug|x64.ActiveCfg = Debug|Any CPU
		{9D9A8A6C-3F86-407A-AA38-56D06114D57D}.Debug|x64.Build.0 = Debug|Any CPU
		{9D9A8A6C-3F86-407A-AA38-56D06114D57D}.Debug|x86.ActiveCfg = Debug|Any CPU
		{9D9A8A6C-3F86-407A-AA38-56D06114D57D}.Debug|x86.Build.0 = Debug|Any CPU
		{9D9A8A6C-3F86-407A-AA38-56D06114D57D}.Release|Any CPU.ActiveCfg = Release|Any CPU
		{9D9A8A6C-3F86-407A-AA38-56D06114D57D}.Release|Any CPU.Build.0 = Release|Any CPU
		{9D9A8A6C-3F86-407A-AA38-56D06114D57D}.Release|x64.ActiveCfg = Release|Any CPU
		{9D9A8A6C-3F86-407A-AA38-56D06114D57D}.Release|x64.Build.0 = Release|Any CPU
		{9D9A8A6C-3F86-407A-AA38-56D06114D57D}.Release|x86.ActiveCfg = Release|Any CPU
		{9D9A8A6C-3F86-407A-AA38-56D06114D57D}.Release|x86.Build.0 = Release|Any CPU
		{DA087436-D55C-43C4-A378-AF8FEB62ECA0}.Debug|Any CPU.ActiveCfg = Debug|Any CPU
		{DA087436-D55C-43C4-A378-AF8FEB62ECA0}.Debug|Any CPU.Build.0 = Debug|Any CPU
		{DA087436-D55C-43C4-A378-AF8FEB62ECA0}.Debug|x64.ActiveCfg = Debug|Any CPU
		{DA087436-D55C-43C4-A378-AF8FEB62ECA0}.Debug|x64.Build.0 = Debug|Any CPU
		{DA087436-D55C-43C4-A378-AF8FEB62ECA0}.Debug|x86.ActiveCfg = Debug|Any CPU
		{DA087436-D55C-43C4-A378-AF8FEB62ECA0}.Debug|x86.Build.0 = Debug|Any CPU
		{DA087436-D55C-43C4-A378-AF8FEB62ECA0}.Release|Any CPU.ActiveCfg = Release|Any CPU
		{DA087436-D55C-43C4-A378-AF8FEB62ECA0}.Release|Any CPU.Build.0 = Release|Any CPU
		{DA087436-D55C-43C4-A378-AF8FEB62ECA0}.Release|x64.ActiveCfg = Release|Any CPU
		{DA087436-D55C-43C4-A378-AF8FEB62ECA0}.Release|x64.Build.0 = Release|Any CPU
		{DA087436-D55C-43C4-A378-AF8FEB62ECA0}.Release|x86.ActiveCfg = Release|Any CPU
		{DA087436-D55C-43C4-A378-AF8FEB62ECA0}.Release|x86.Build.0 = Release|Any CPU
	EndGlobalSection
EndGlobal
